// !$*UTF8*$!
{
	archiveVersion = 1;
	classes = {
	};
	objectVersion = 46;
	objects = {

/* Begin PBXBuildFile section */
		EF50BF101B625904009F55B9 /* main.m in Sources */ = {isa = PBXBuildFile; fileRef = EF50BF0F1B625904009F55B9 /* main.m */; };
		EF50BF131B625904009F55B9 /* AppDelegate.m in Sources */ = {isa = PBXBuildFile; fileRef = EF50BF121B625904009F55B9 /* AppDelegate.m */; };
		EF50BF161B625904009F55B9 /* ViewController.m in Sources */ = {isa = PBXBuildFile; fileRef = EF50BF151B625904009F55B9 /* ViewController.m */; };
		EF50BF191B625904009F55B9 /* Main.storyboard in Resources */ = {isa = PBXBuildFile; fileRef = EF50BF171B625904009F55B9 /* Main.storyboard */; };
		EF50BF1B1B625904009F55B9 /* Images.xcassets in Resources */ = {isa = PBXBuildFile; fileRef = EF50BF1A1B625904009F55B9 /* Images.xcassets */; };
		EF50BF1E1B625904009F55B9 /* LaunchScreen.xib in Resources */ = {isa = PBXBuildFile; fileRef = EF50BF1C1B625904009F55B9 /* LaunchScreen.xib */; };
		EF50BF2A1B625905009F55B9 /* IamRichTests.m in Sources */ = {isa = PBXBuildFile; fileRef = EF50BF291B625905009F55B9 /* IamRichTests.m */; };
		EF50BF351B625B14009F55B9 /* ruby.png in Resources */ = {isa = PBXBuildFile; fileRef = EF50BF341B625B14009F55B9 /* ruby.png */; };
/* End PBXBuildFile section */

/* Begin PBXContainerItemProxy section */
		EF50BF241B625905009F55B9 /* PBXContainerItemProxy */ = {
			isa = PBXContainerItemProxy;
			containerPortal = EF50BF021B625904009F55B9 /* Project object */;
			proxyType = 1;
			remoteGlobalIDString = EF50BF091B625904009F55B9;
			remoteInfo = IamRich;
		};
/* End PBXContainerItemProxy section */

/* Begin PBXFileReference section */
		EF50BF0A1B625904009F55B9 /* IamRich.app */ = {isa = PBXFileReference; explicitFileType = wrapper.application; includeInIndex = 0; path = IamRich.app; sourceTree = BUILT_PRODUCTS_DIR; };
		EF50BF0E1B625904009F55B9 /* Info.plist */ = {isa = PBXFileReference; lastKnownFileType = text.plist.xml; path = Info.plist; sourceTree = "<group>"; };
		EF50BF0F1B625904009F55B9 /* main.m */ = {isa = PBXFileReference; lastKnownFileType = sourcecode.c.objc; path = main.m; sourceTree = "<group>"; };
		EF50BF111B625904009F55B9 /* AppDelegate.h */ = {isa = PBXFileReference; lastKnownFileType = sourcecode.c.h; path = AppDelegate.h; sourceTree = "<group>"; };
		EF50BF121B625904009F55B9 /* AppDelegate.m */ = {isa = PBXFileReference; lastKnownFileType = sourcecode.c.objc; path = AppDelegate.m; sourceTree = "<group>"; };
		EF50BF141B625904009F55B9 /* ViewController.h */ = {isa = PBXFileReference; lastKnownFileType = sourcecode.c.h; path = ViewController.h; sourceTree = "<group>"; };
		EF50BF151B625904009F55B9 /* ViewController.m */ = {isa = PBXFileReference; lastKnownFileType = sourcecode.c.objc; path = ViewController.m; sourceTree = "<group>"; };
		EF50BF181B625904009F55B9 /* Base */ = {isa = PBXFileReference; lastKnownFileType = file.storyboard; name = Base; path = Base.lproj/Main.storyboard; sourceTree = "<group>"; };
		EF50BF1A1B625904009F55B9 /* Images.xcassets */ = {isa = PBXFileReference; lastKnownFileType = folder.assetcatalog; path = Images.xcassets; sourceTree = "<group>"; };
		EF50BF1D1B625904009F55B9 /* Base */ = {isa = PBXFileReference; lastKnownFileType = file.xib; name = Base; path = Base.lproj/LaunchScreen.xib; sourceTree = "<group>"; };
		EF50BF231B625905009F55B9 /* IamRichTests.xctest */ = {isa = PBXFileReference; explicitFileType = wrapper.cfbundle; includeInIndex = 0; path = IamRichTests.xctest; sourceTree = BUILT_PRODUCTS_DIR; };
		EF50BF281B625905009F55B9 /* Info.plist */ = {isa = PBXFileReference; lastKnownFileType = text.plist.xml; path = Info.plist; sourceTree = "<group>"; };
		EF50BF291B625905009F55B9 /* IamRichTests.m */ = {isa = PBXFileReference; lastKnownFileType = sourcecode.c.objc; path = IamRichTests.m; sourceTree = "<group>"; };
		EF50BF341B625B14009F55B9 /* ruby.png */ = {isa = PBXFileReference; lastKnownFileType = image.png; name = ruby.png; path = "../../../../../Volumes/ENTERTAINMENT/Mac OS/IAmRich 2/ruby.png"; sourceTree = "<group>"; };
/* End PBXFileReference section */

/* Begin PBXFrameworksBuildPhase section */
		EF50BF071B625904009F55B9 /* Frameworks */ = {
			isa = PBXFrameworksBuildPhase;
			buildActionMask = 2147483647;
			files = (
			);
			runOnlyForDeploymentPostprocessing = 0;
		};
		EF50BF201B625905009F55B9 /* Frameworks */ = {
			isa = PBXFrameworksBuildPhase;
			buildActionMask = 2147483647;
			files = (
			);
			runOnlyForDeploymentPostprocessing = 0;
		};
/* End PBXFrameworksBuildPhase section */

/* Begin PBXGroup section */
		EF50BF011B625904009F55B9 = {
			isa = PBXGroup;
			children = (
				EF50BF0C1B625904009F55B9 /* IamRich */,
				EF50BF261B625905009F55B9 /* IamRichTests */,
				EF50BF0B1B625904009F55B9 /* Products */,
			);
			sourceTree = "<group>";
		};
		EF50BF0B1B625904009F55B9 /* Products */ = {
			isa = PBXGroup;
			children = (
				EF50BF0A1B625904009F55B9 /* IamRich.app */,
				EF50BF231B625905009F55B9 /* IamRichTests.xctest */,
			);
			name = Products;
			sourceTree = "<group>";
		};
		EF50BF0C1B625904009F55B9 /* IamRich */ = {
			isa = PBXGroup;
			children = (
				EF50BF331B625AC7009F55B9 /* Image */,
				EF50BF111B625904009F55B9 /* AppDelegate.h */,
				EF50BF121B625904009F55B9 /* AppDelegate.m */,
				EF50BF141B625904009F55B9 /* ViewController.h */,
				EF50BF151B625904009F55B9 /* ViewController.m */,
				EF50BF171B625904009F55B9 /* Main.storyboard */,
				EF50BF1A1B625904009F55B9 /* Images.xcassets */,
				EF50BF1C1B625904009F55B9 /* LaunchScreen.xib */,
				EF50BF0D1B625904009F55B9 /* Supporting Files */,
			);
			path = IamRich;
			sourceTree = "<group>";
		};
		EF50BF0D1B625904009F55B9 /* Supporting Files */ = {
			isa = PBXGroup;
			children = (
				EF50BF0E1B625904009F55B9 /* Info.plist */,
				EF50BF0F1B625904009F55B9 /* main.m */,
			);
			name = "Supporting Files";
			sourceTree = "<group>";
		};
		EF50BF261B625905009F55B9 /* IamRichTests */ = {
			isa = PBXGroup;
			children = (
				EF50BF291B625905009F55B9 /* IamRichTests.m */,
				EF50BF271B625905009F55B9 /* Supporting Files */,
			);
			path = IamRichTests;
			sourceTree = "<group>";
		};
		EF50BF271B625905009F55B9 /* Supporting Files */ = {
			isa = PBXGroup;
			children = (
				EF50BF281B625905009F55B9 /* Info.plist */,
			);
			name = "Supporting Files";
			sourceTree = "<group>";
		};
		EF50BF331B625AC7009F55B9 /* Image */ = {
			isa = PBXGroup;
			children = (
				EF50BF341B625B14009F55B9 /* ruby.png */,
			);
			name = Image;
			sourceTree = "<group>";
		};
/* End PBXGroup section */

/* Begin PBXNativeTarget section */
		EF50BF091B625904009F55B9 /* IamRich */ = {
			isa = PBXNativeTarget;
			buildConfigurationList = EF50BF2D1B625905009F55B9 /* Build configuration list for PBXNativeTarget "IamRich" */;
			buildPhases = (
				EF50BF061B625904009F55B9 /* Sources */,
				EF50BF071B625904009F55B9 /* Frameworks */,
				EF50BF081B625904009F55B9 /* Resources */,
			);
			buildRules = (
			);
			dependencies = (
			);
			name = IamRich;
			productName = IamRich;
			productReference = EF50BF0A1B625904009F55B9 /* IamRich.app */;
			productType = "com.apple.product-type.application";
		};
		EF50BF221B625905009F55B9 /* IamRichTests */ = {
			isa = PBXNativeTarget;
			buildConfigurationList = EF50BF301B625905009F55B9 /* Build configuration list for PBXNativeTarget "IamRichTests" */;
			buildPhases = (
				EF50BF1F1B625905009F55B9 /* Sources */,
				EF50BF201B625905009F55B9 /* Frameworks */,
				EF50BF211B625905009F55B9 /* Resources */,
			);
			buildRules = (
			);
			dependencies = (
				EF50BF251B625905009F55B9 /* PBXTargetDependency */,
			);
			name = IamRichTests;
			productName = IamRichTests;
			productReference = EF50BF231B625905009F55B9 /* IamRichTests.xctest */;
			productType = "com.apple.product-type.bundle.unit-test";
		};
/* End PBXNativeTarget section */

/* Begin PBXProject section */
		EF50BF021B625904009F55B9 /* Project object */ = {
			isa = PBXProject;
			attributes = {
				LastUpgradeCheck = 0640;
				ORGANIZATIONNAME = "Văn Tiến Tú";
				TargetAttributes = {
					EF50BF091B625904009F55B9 = {
						CreatedOnToolsVersion = 6.4;
					};
					EF50BF221B625905009F55B9 = {
						CreatedOnToolsVersion = 6.4;
						TestTargetID = EF50BF091B625904009F55B9;
					};
				};
			};
			buildConfigurationList = EF50BF051B625904009F55B9 /* Build configuration list for PBXProject "IamRich" */;
			compatibilityVersion = "Xcode 3.2";
			developmentRegion = English;
			hasScannedForEncodings = 0;
			knownRegions = (
				en,
				Base,
			);
			mainGroup = EF50BF011B625904009F55B9;
			productRefGroup = EF50BF0B1B625904009F55B9 /* Products */;
			projectDirPath = "";
			projectRoot = "";
			targets = (
				EF50BF091B625904009F55B9 /* IamRich */,
				EF50BF221B625905009F55B9 /* IamRichTests */,
			);
		};
/* End PBXProject section */

/* Begin PBXResourcesBuildPhase section */
		EF50BF081B625904009F55B9 /* Resources */ = {
			isa = PBXResourcesBuildPhase;
			buildActionMask = 2147483647;
			files = (
				EF50BF191B625904009F55B9 /* Main.storyboard in Resources */,
				EF50BF351B625B14009F55B9 /* ruby.png in Resources */,
				EF50BF1E1B625904009F55B9 /* LaunchScreen.xib in Resources */,
				EF50BF1B1B625904009F55B9 /* Images.xcassets in Resources */,
			);
			runOnlyForDeploymentPostprocessing = 0;
		};
		EF50BF211B625905009F55B9 /* Resources */ = {
			isa = PBXResourcesBuildPhase;
			buildActionMask = 2147483647;
			files = (
			);
			runOnlyForDeploymentPostprocessing = 0;
		};
/* End PBXResourcesBuildPhase section */

/* Begin PBXSourcesBuildPhase section */
		EF50BF061B625904009F55B9 /* Sources */ = {
			isa = PBXSourcesBuildPhase;
			buildActionMask = 2147483647;
			files = (
				EF50BF161B625904009F55B9 /* ViewController.m in Sources */,
				EF50BF131B625904009F55B9 /* AppDelegate.m in Sources */,
				EF50BF101B625904009F55B9 /* main.m in Sources */,
			);
			runOnlyForDeploymentPostprocessing = 0;
		};
		EF50BF1F1B625905009F55B9 /* Sources */ = {
			isa = PBXSourcesBuildPhase;
			buildActionMask = 2147483647;
			files = (
				EF50BF2A1B625905009F55B9 /* IamRichTests.m in Sources */,
			);
			runOnlyForDeploymentPostprocessing = 0;
		};
/* End PBXSourcesBuildPhase section */

/* Begin PBXTargetDependency section */
		EF50BF251B625905009F55B9 /* PBXTargetDependency */ = {
			isa = PBXTargetDependency;
			target = EF50BF091B625904009F55B9 /* IamRich */;
			targetProxy = EF50BF241B625905009F55B9 /* PBXContainerItemProxy */;
		};
/* End PBXTargetDependency section */

/* Begin PBXVariantGroup section */
		EF50BF171B625904009F55B9 /* Main.storyboard */ = {
			isa = PBXVariantGroup;
			children = (
				EF50BF181B625904009F55B9 /* Base */,
			);
			name = Main.storyboard;
			sourceTree = "<group>";
		};
		EF50BF1C1B625904009F55B9 /* LaunchScreen.xib */ = {
			isa = PBXVariantGroup;
			children = (
				EF50BF1D1B625904009F55B9 /* Base */,
			);
			name = LaunchScreen.xib;
			sourceTree = "<group>";
		};
/* End PBXVariantGroup section */

/* Begin XCBuildConfiguration section */
		EF50BF2B1B625905009F55B9 /* Debug */ = {
			isa = XCBuildConfiguration;
			buildSettings = {
				ALWAYS_SEARCH_USER_PATHS = NO;
				CLANG_CXX_LANGUAGE_STANDARD = "gnu++0x";
				CLANG_CXX_LIBRARY = "libc++";
				CLANG_ENABLE_MODULES = YES;
				CLANG_ENABLE_OBJC_ARC = YES;
				CLANG_WARN_BOOL_CONVERSION = YES;
				CLANG_WARN_CONSTANT_CONVERSION = YES;
				CLANG_WARN_DIRECT_OBJC_ISA_USAGE = YES_ERROR;
				CLANG_WARN_EMPTY_BODY = YES;
				CLANG_WARN_ENUM_CONVERSION = YES;
				CLANG_WARN_INT_CONVERSION = YES;
				CLANG_WARN_OBJC_ROOT_CLASS = YES_ERROR;
				CLANG_WARN_UNREACHABLE_CODE = YES;
				CLANG_WARN__DUPLICATE_METHOD_MATCH = YES;
				"CODE_SIGN_IDENTITY[sdk=iphoneos*]" = "iPhone Developer";
				COPY_PHASE_STRIP = NO;
				DEBUG_INFORMATION_FORMAT = "dwarf-with-dsym";
				ENABLE_STRICT_OBJC_MSGSEND = YES;
				GCC_C_LANGUAGE_STANDARD = gnu99;
				GCC_DYNAMIC_NO_PIC = NO;
				GCC_NO_COMMON_BLOCKS = YES;
				GCC_OPTIMIZATION_LEVEL = 0;
				GCC_PREPROCESSOR_DEFINITIONS = (
					"DEBUG=1",
					"$(inherited)",
				);
				GCC_SYMBOLS_PRIVATE_EXTERN = NO;
				GCC_WARN_64_TO_32_BIT_CONVERSION = YES;
				GCC_WARN_ABOUT_RETURN_TYPE = YES_ERROR;
				GCC_WARN_UNDECLARED_SELECTOR = YES;
				GCC_WARN_UNINITIALIZED_AUTOS = YES_AGGRESSIVE;
				GCC_WARN_UNUSED_FUNCTION = YES;
				GCC_WARN_UNUSED_VARIABLE = YES;
				IPHONEOS_DEPLOYMENT_TARGET = 8.4;
				MTL_ENABLE_DEBUG_INFO = YES;
				ONLY_ACTIVE_ARCH = YES;
				SDKROOT = iphoneos;
			};
			name = Debug;
		};
		EF50BF2C1B625905009F55B9 /* Release */ = {
			isa = XCBuildConfiguration;
			buildSettings = {
				ALWAYS_SEARCH_USER_PATHS = NO;
				CLANG_CXX_LANGUAGE_STANDARD = "gnu++0x";
				CLANG_CXX_LIBRARY = "libc++";
				CLANG_ENABLE_MODULES = YES;
				CLANG_ENABLE_OBJC_ARC = YES;
				CLANG_WARN_BOOL_CONVERSION = YES;
				CLANG_WARN_CONSTANT_CONVERSION = YES;
				CLANG_WARN_DIRECT_OBJC_ISA_USAGE = YES_ERROR;
				CLANG_WARN_EMPTY_BODY = YES;
				CLANG_WARN_ENUM_CONVERSION = YES;
				CLANG_WARN_INT_CONVERSION = YES;
				CLANG_WARN_OBJC_ROOT_CLASS = YES_ERROR;
				CLANG_WARN_UNREACHABLE_CODE = YES;
				CLANG_WARN__DUPLICATE_METHOD_MATCH = YES;
				"CODE_SIGN_IDENTITY[sdk=iphoneos*]" = "iPhone Developer";
				COPY_PHASE_STRIP = NO;
				DEBUG_INFORMATION_FORMAT = "dwarf-with-dsym";
				ENABLE_NS_ASSERTIONS = NO;
				ENABLE_STRICT_OBJC_MSGSEND = YES;
				GCC_C_LANGUAGE_STANDARD = gnu99;
				GCC_NO_COMMON_BLOCKS = YES;
				GCC_WARN_64_TO_32_BIT_CONVERSION = YES;
				GCC_WARN_ABOUT_RETURN_TYPE = YES_ERROR;
				GCC_WARN_UNDECLARED_SELECTOR = YES;
				GCC_WARN_UNINITIALIZED_AUTOS = YES_AGGRESSIVE;
				GCC_WARN_UNUSED_FUNCTION = YES;
				GCC_WARN_UNUSED_VARIABLE = YES;
				IPHONEOS_DEPLOYMENT_TARGET = 8.4;
				MTL_ENABLE_DEBUG_INFO = NO;
				SDKROOT = iphoneos;
				VALIDATE_PRODUCT = YES;
			};
			name = Release;
		};
		EF50BF2E1B625905009F55B9 /* Debug */ = {
			isa = XCBuildConfiguration;
			buildSettings = {
				ASSETCATALOG_COMPILER_APPICON_NAME = AppIcon;
				INFOPLIST_FILE = IamRich/Info.plist;
				LD_RUNPATH_SEARCH_PATHS = "$(inherited) @executable_path/Frameworks";
				PRODUCT_NAME = "$(TARGET_NAME)";
			};
			name = Debug;
		};
		EF50BF2F1B625905009F55B9 /* Release */ = {
			isa = XCBuildConfiguration;
			buildSettings = {
				ASSETCATALOG_COMPILER_APPICON_NAME = AppIcon;
				INFOPLIST_FILE = IamRich/Info.plist;
				LD_RUNPATH_SEARCH_PATHS = "$(inherited) @executable_path/Frameworks";
				PRODUCT_NAME = "$(TARGET_NAME)";
			};
			name = Release;
		};
		EF50BF311B625905009F55B9 /* Debug */ = {
			isa = XCBuildConfiguration;
			buildSettings = {
				BUNDLE_LOADER = "$(TEST_HOST)";
				FRAMEWORK_SEARCH_PATHS = (
					"$(SDKROOT)/Developer/Library/Frameworks",
					"$(inherited)",
				);
				GCC_PREPROCESSOR_DEFINITIONS = (
					"DEBUG=1",
					"$(inherited)",
				);
				INFOPLIST_FILE = IamRichTests/Info.plist;
				LD_RUNPATH_SEARCH_PATHS = "$(inherited) @executable_path/Frameworks @loader_path/Frameworks";
				PRODUCT_NAME = "$(TARGET_NAME)";
				TEST_HOST = "$(BUILT_PRODUCTS_DIR)/IamRich.app/IamRich";
			};
			name = Debug;
		};
		EF50BF321B625905009F55B9 /* Release */ = {
			isa = XCBuildConfiguration;
			buildSettings = {
				BUNDLE_LOADER = "$(TEST_HOST)";
				FRAMEWORK_SEARCH_PATHS = (
					"$(SDKROOT)/Developer/Library/Frameworks",
					"$(inherited)",
				);
				INFOPLIST_FILE = IamRichTests/Info.plist;
				LD_RUNPATH_SEARCH_PATHS = "$(inherited) @executable_path/Frameworks @loader_path/Frameworks";
				PRODUCT_NAME = "$(TARGET_NAME)";
				TEST_HOST = "$(BUILT_PRODUCTS_DIR)/IamRich.app/IamRich";
			};
			name = Release;
		};
/* End XCBuildConfiguration section */

/* Begin XCConfigurationList section */
		EF50BF051B625904009F55B9 /* Build configuration list for PBXProject "IamRich" */ = {
			isa = XCConfigurationList;
			buildConfigurations = (
				EF50BF2B1B625905009F55B9 /* Debug */,
				EF50BF2C1B625905009F55B9 /* Release */,
			);
			defaultConfigurationIsVisible = 0;
			defaultConfigurationName = Release;
		};
		EF50BF2D1B625905009F55B9 /* Build configuration list for PBXNativeTarget "IamRich" */ = {
			isa = XCConfigurationList;
			buildConfigurations = (
				EF50BF2E1B625905009F55B9 /* Debug */,
				EF50BF2F1B625905009F55B9 /* Release */,
			);
			defaultConfigurationIsVisible = 0;
		};
		EF50BF301B625905009F55B9 /* Build configuration list for PBXNativeTarget "IamRichTests" */ = {
			isa = XCConfigurationList;
			buildConfigurations = (
				EF50BF311B625905009F55B9 /* Debug */,
				EF50BF321B625905009F55B9 /* Release */,
			);
			defaultConfigurationIsVisible = 0;
		};
/* End XCConfigurationList section */
	};
	rootObject = EF50BF021B625904009F55B9 /* Project object */;
}
